{
  "_comment": "Pinned submodule commit hashes. Run scripts/verify-submodules.sh to validate.",
  "_updated": "2026-04-11",
  "autoresearch": "228791fb499afffb54b46200aca536f79142f117",
  "awesome-claude-code": "ea7f9ba86af03cf9c5e72252029d35c6d966ebef",
  "claude-mem": "cde4faae2f33f92d2092ca87537b17b837fdcfb7",
  "claude-task-master": "1c7365cab1f1d8ee5b0ecc2292a9ba9cf5efea2e",
  "everything-claude-code": "125d5e619905d97b519a887d5bc7332dcc448a52",
  "get-shit-done": "5a302f477a924e277ff8e65173a6e346f1580943",
  "pm-workspace": "b29a7e1fd9dfeabce9d432fcd4c08b6d09cb5593",
  "ruflo": "b395d12559954719361d2466d2a0e9bb7f99ec53",
  "super-claude": "af3a965da2ec4f481fe1a1a459899cf3f811894a",
  "superpowers": "917e5f53b16b115b70a3a355ed5f4993b9f8b73d",
  "ui-ux-pro-max-skill": "b7e3af80f6e331f6fb456667b82b12cade7c9d35",
  "wshobson-agents": "03d0b4b9eb4d57bd961aa252a56025daa21543e6"
}